
Microsoft Visual Studio Solution File, Format Version 12.00
# Visual Studio 15
Project("{FAE04EC0-301F-11D3-BF4B-00C04F79EFBC}") = "Assembly-CSharp", "Assembly-CSharp.csproj", "{61865AF0-9A15-8F30-7528-17DC0BBC19D1}"
EndProject
Global
	GlobalSection(SolutionConfigurationPlatforms) = preSolution
		Debug|Any CPU = Debug|Any CPU
		Release|Any CPU = Release|Any CPU
	EndGlobalSection
	GlobalSection(ProjectConfigurationPlatforms) = postSolution
		{61865AF0-9A15-8F30-7528-17DC0BBC19D1}.Debug|Any CPU.ActiveCfg = Debug|Any CPU
		{61865AF0-9A15-8F30-7528-17DC0BBC19D1}.Debug|Any CPU.Build.0 = Debug|Any CPU
		{61865AF0-9A15-8F30-7528-17DC0BBC19D1}.Release|Any CPU.ActiveCfg = Release|Any CPU
		{61865AF0-9A15-8F30-7528-17DC0BBC19D1}.Release|Any CPU.Build.0 = Release|Any CPU
	EndGlobalSection
	GlobalSection(SolutionProperties) = preSolution
		HideSolutionNode = FALSE
	EndGlobalSection
EndGlobal
